// !$*UTF8*$!
{
	archiveVersion = 1;
	classes = {
	};
	objectVersion = 56;
	objects = {

/* Begin PBXBuildFile section */
		8D67E40C2C6F95F6007C1F0B /* CryptoPowerApp.swift in Sources */ = {isa = PBXBuildFile; fileRef = 8D67E40B2C6F95F6007C1F0B /* CryptoPowerApp.swift */; };
		8D67E40E2C6F95F6007C1F0B /* ContentView.swift in Sources */ = {isa = PBXBuildFile; fileRef = 8D67E40D2C6F95F6007C1F0B /* ContentView.swift */; };
		8D67E4102C6F95FB007C1F0B /* Assets.xcassets in Resources */ = {isa = PBXBuildFile; fileRef = 8D67E40F2C6F95FB007C1F0B /* Assets.xcassets */; };
		8D67E4132C6F95FB007C1F0B /* Preview Assets.xcassets in Resources */ = {isa = PBXBuildFile; fileRef = 8D67E4122C6F95FB007C1F0B /* Preview Assets.xcassets */; };
		8D82D9632C7392A5008F2F95 /* RealmCoin.swift in Sources */ = {isa = PBXBuildFile; fileRef = 8D82D9622C7392A5008F2F95 /* RealmCoin.swift */; };
		8D82D9662C73936F008F2F95 /* CryptoAPICoin+Extensions.swift in Sources */ = {isa = PBXBuildFile; fileRef = 8D82D9652C73936F008F2F95 /* CryptoAPICoin+Extensions.swift */; };
		8DD3B0672C6F99260098BFF0 /* CryptoAPI.xcframework in Frameworks */ = {isa = PBXBuildFile; fileRef = 8D67E4192C6F9851007C1F0B /* CryptoAPI.xcframework */; };
		8DD3B0682C6F99260098BFF0 /* CryptoAPI.xcframework in Embed Frameworks */ = {isa = PBXBuildFile; fileRef = 8D67E4192C6F9851007C1F0B /* CryptoAPI.xcframework */; settings = {ATTRIBUTES = (CodeSignOnCopy, RemoveHeadersOnCopy, ); }; };
		8DD3B06B2C6F9B5B0098BFF0 /* CryptoViewModel.swift in Sources */ = {isa = PBXBuildFile; fileRef = 8DD3B06A2C6F9B5B0098BFF0 /* CryptoViewModel.swift */; };
		90CA44565E2FC9DDC9A28051 /* Pods_CryptoPower.framework in Frameworks */ = {isa = PBXBuildFile; fileRef = 80579BBF7E4DB2ADEB73BEC6 /* Pods_CryptoPower.framework */; };
/* End PBXBuildFile section */

/* Begin PBXCopyFilesBuildPhase section */
		8DD3B0692C6F99260098BFF0 /* Embed Frameworks */ = {
			isa = PBXCopyFilesBuildPhase;
			buildActionMask = 2147483647;
			dstPath = "";
			dstSubfolderSpec = 10;
			files = (
				8DD3B0682C6F99260098BFF0 /* CryptoAPI.xcframework in Embed Frameworks */,
			);
			name = "Embed Frameworks";
			runOnlyForDeploymentPostprocessing = 0;
		};
/* End PBXCopyFilesBuildPhase section */

/* Begin PBXFileReference section */
		5005C1AB590DFD41AB91ACAA /* Pods-CryptoPower.release.xcconfig */ = {isa = PBXFileReference; includeInIndex = 1; lastKnownFileType = text.xcconfig; name = "Pods-CryptoPower.release.xcconfig"; path = "Target Support Files/Pods-CryptoPower/Pods-CryptoPower.release.xcconfig"; sourceTree = "<group>"; };
		80579BBF7E4DB2ADEB73BEC6 /* Pods_CryptoPower.framework */ = {isa = PBXFileReference; explicitFileType = wrapper.framework; includeInIndex = 0; path = Pods_CryptoPower.framework; sourceTree = BUILT_PRODUCTS_DIR; };
		8D67E4082C6F95F6007C1F0B /* CryptoPower.app */ = {isa = PBXFileReference; explicitFileType = wrapper.application; includeInIndex = 0; path = CryptoPower.app; sourceTree = BUILT_PRODUCTS_DIR; };
		8D67E40B2C6F95F6007C1F0B /* CryptoPowerApp.swift */ = {isa = PBXFileReference; lastKnownFileType = sourcecode.swift; path = CryptoPowerApp.swift; sourceTree = "<group>"; };
		8D67E40D2C6F95F6007C1F0B /* ContentView.swift */ = {isa = PBXFileReference; lastKnownFileType = sourcecode.swift; path = ContentView.swift; sourceTree = "<group>"; };
		8D67E40F2C6F95FB007C1F0B /* Assets.xcassets */ = {isa = PBXFileReference; lastKnownFileType = folder.assetcatalog; path = Assets.xcassets; sourceTree = "<group>"; };
		8D67E4122C6F95FB007C1F0B /* Preview Assets.xcassets */ = {isa = PBXFileReference; lastKnownFileType = folder.assetcatalog; path = "Preview Assets.xcassets"; sourceTree = "<group>"; };
		8D67E4192C6F9851007C1F0B /* CryptoAPI.xcframework */ = {isa = PBXFileReference; lastKnownFileType = wrapper.xcframework; name = CryptoAPI.xcframework; path = ../../../Downloads/Challenge/CryptoAPI.xcframework; sourceTree = "<group>"; };
		8D82D9622C7392A5008F2F95 /* RealmCoin.swift */ = {isa = PBXFileReference; lastKnownFileType = sourcecode.swift; path = RealmCoin.swift; sourceTree = "<group>"; };
		8D82D9652C73936F008F2F95 /* CryptoAPICoin+Extensions.swift */ = {isa = PBXFileReference; lastKnownFileType = sourcecode.swift; path = "CryptoAPICoin+Extensions.swift"; sourceTree = "<group>"; };
		8DD3B06A2C6F9B5B0098BFF0 /* CryptoViewModel.swift */ = {isa = PBXFileReference; lastKnownFileType = sourcecode.swift; path = CryptoViewModel.swift; sourceTree = "<group>"; };
		9CA6B355CBEC5150A86F5060 /* Pods-CryptoPower.debug.xcconfig */ = {isa = PBXFileReference; includeInIndex = 1; lastKnownFileType = text.xcconfig; name = "Pods-CryptoPower.debug.xcconfig"; path = "Target Support Files/Pods-CryptoPower/Pods-CryptoPower.debug.xcconfig"; sourceTree = "<group>"; };
/* End PBXFileReference section */

/* Begin PBXFrameworksBuildPhase section */
		8D67E4052C6F95F6007C1F0B /* Frameworks */ = {
			isa = PBXFrameworksBuildPhase;
			buildActionMask = 2147483647;
			files = (
				90CA44565E2FC9DDC9A28051 /* Pods_CryptoPower.framework in Frameworks */,
				8DD3B0672C6F99260098BFF0 /* CryptoAPI.xcframework in Frameworks */,
			);
			runOnlyForDeploymentPostprocessing = 0;
		};
/* End PBXFrameworksBuildPhase section */

/* Begin PBXGroup section */
		264818B50F37D24220EE2710 /* Frameworks */ = {
			isa = PBXGroup;
			children = (
				8D67E4192C6F9851007C1F0B /* CryptoAPI.xcframework */,
				80579BBF7E4DB2ADEB73BEC6 /* Pods_CryptoPower.framework */,
			);
			name = Frameworks;
			sourceTree = "<group>";
		};
		67600EBCDAE6AD0AE7F1E34D /* Pods */ = {
			isa = PBXGroup;
			children = (
				9CA6B355CBEC5150A86F5060 /* Pods-CryptoPower.debug.xcconfig */,
				5005C1AB590DFD41AB91ACAA /* Pods-CryptoPower.release.xcconfig */,
			);
			path = Pods;
			sourceTree = "<group>";
		};
		8D67E3FF2C6F95F6007C1F0B = {
			isa = PBXGroup;
			children = (
				8D67E40A2C6F95F6007C1F0B /* CryptoPower */,
				8D67E4092C6F95F6007C1F0B /* Products */,
				67600EBCDAE6AD0AE7F1E34D /* Pods */,
				264818B50F37D24220EE2710 /* Frameworks */,
			);
			sourceTree = "<group>";
		};
		8D67E4092C6F95F6007C1F0B /* Products */ = {
			isa = PBXGroup;
			children = (
				8D67E4082C6F95F6007C1F0B /* CryptoPower.app */,
			);
			name = Products;
			sourceTree = "<group>";
		};
		8D67E40A2C6F95F6007C1F0B /* CryptoPower */ = {
			isa = PBXGroup;
			children = (
				8D82D9672C73A339008F2F95 /* ViewModel */,
				8D82D9642C739359008F2F95 /* Extensions */,
				8D82D9612C73929A008F2F95 /* Domain */,
				8D67E40B2C6F95F6007C1F0B /* CryptoPowerApp.swift */,
				8D67E40D2C6F95F6007C1F0B /* ContentView.swift */,
				8D67E40F2C6F95FB007C1F0B /* Assets.xcassets */,
				8D67E4112C6F95FB007C1F0B /* Preview Content */,
			);
			path = CryptoPower;
			sourceTree = "<group>";
		};
		8D67E4112C6F95FB007C1F0B /* Preview Content */ = {
			isa = PBXGroup;
			children = (
				8D67E4122C6F95FB007C1F0B /* Preview Assets.xcassets */,
			);
			path = "Preview Content";
			sourceTree = "<group>";
		};
		8D82D9612C73929A008F2F95 /* Domain */ = {
			isa = PBXGroup;
			children = (
				8D82D9622C7392A5008F2F95 /* RealmCoin.swift */,
			);
			path = Domain;
			sourceTree = "<group>";
		};
		8D82D9642C739359008F2F95 /* Extensions */ = {
			isa = PBXGroup;
			children = (
				8D82D9652C73936F008F2F95 /* CryptoAPICoin+Extensions.swift */,
			);
			path = Extensions;
			sourceTree = "<group>";
		};
		8D82D9672C73A339008F2F95 /* ViewModel */ = {
			isa = PBXGroup;
			children = (
				8DD3B06A2C6F9B5B0098BFF0 /* CryptoViewModel.swift */,
			);
			path = ViewModel;
			sourceTree = "<group>";
		};
/* End PBXGroup section */

/* Begin PBXNativeTarget section */
		8D67E4072C6F95F6007C1F0B /* CryptoPower */ = {
			isa = PBXNativeTarget;
			buildConfigurationList = 8D67E4162C6F95FB007C1F0B /* Build configuration list for PBXNativeTarget "CryptoPower" */;
			buildPhases = (
				A9CDDC9AF4C082ACAF91D1E3 /* [CP] Check Pods Manifest.lock */,
				8D67E4042C6F95F6007C1F0B /* Sources */,
				8D67E4052C6F95F6007C1F0B /* Frameworks */,
				8D67E4062C6F95F6007C1F0B /* Resources */,
				F9FFBEF68E57B8C0B4616AA6 /* [CP] Embed Pods Frameworks */,
				8DD3B0692C6F99260098BFF0 /* Embed Frameworks */,
			);
			buildRules = (
			);
			dependencies = (
			);
			name = CryptoPower;
			productName = CryptoPower;
			productReference = 8D67E4082C6F95F6007C1F0B /* CryptoPower.app */;
			productType = "com.apple.product-type.application";
		};
/* End PBXNativeTarget section */

/* Begin PBXProject section */
		8D67E4002C6F95F6007C1F0B /* Project object */ = {
			isa = PBXProject;
			attributes = {
				BuildIndependentTargetsInParallel = 1;
				LastSwiftUpdateCheck = 1530;
				LastUpgradeCheck = 1530;
				TargetAttributes = {
					8D67E4072C6F95F6007C1F0B = {
						CreatedOnToolsVersion = 15.3;
					};
				};
			};
			buildConfigurationList = 8D67E4032C6F95F6007C1F0B /* Build configuration list for PBXProject "CryptoPower" */;
			compatibilityVersion = "Xcode 14.0";
			developmentRegion = en;
			hasScannedForEncodings = 0;
			knownRegions = (
				en,
				Base,
			);
			mainGroup = 8D67E3FF2C6F95F6007C1F0B;
			productRefGroup = 8D67E4092C6F95F6007C1F0B /* Products */;
			projectDirPath = "";
			projectRoot = "";
			targets = (
				8D67E4072C6F95F6007C1F0B /* CryptoPower */,
			);
		};
/* End PBXProject section */

/* Begin PBXResourcesBuildPhase section */
		8D67E4062C6F95F6007C1F0B /* Resources */ = {
			isa = PBXResourcesBuildPhase;
			buildActionMask = 2147483647;
			files = (
				8D67E4132C6F95FB007C1F0B /* Preview Assets.xcassets in Resources */,
				8D67E4102C6F95FB007C1F0B /* Assets.xcassets in Resources */,
			);
			runOnlyForDeploymentPostprocessing = 0;
		};
/* End PBXResourcesBuildPhase section */

/* Begin PBXShellScriptBuildPhase section */
		A9CDDC9AF4C082ACAF91D1E3 /* [CP] Check Pods Manifest.lock */ = {
			isa = PBXShellScriptBuildPhase;
			buildActionMask = 2147483647;
			files = (
			);
			inputFileListPaths = (
			);
			inputPaths = (
				"${PODS_PODFILE_DIR_PATH}/Podfile.lock",
				"${PODS_ROOT}/Manifest.lock",
			);
			name = "[CP] Check Pods Manifest.lock";
			outputFileListPaths = (
			);
			outputPaths = (
				"$(DERIVED_FILE_DIR)/Pods-CryptoPower-checkManifestLockResult.txt",
			);
			runOnlyForDeploymentPostprocessing = 0;
			shellPath = /bin/sh;
			shellScript = "diff \"${PODS_PODFILE_DIR_PATH}/Podfile.lock\" \"${PODS_ROOT}/Manifest.lock\" > /dev/null\nif [ $? != 0 ] ; then\n    # print error to STDERR\n    echo \"error: The sandbox is not in sync with the Podfile.lock. Run 'pod install' or update your CocoaPods installation.\" >&2\n    exit 1\nfi\n# This output is used by Xcode 'outputs' to avoid re-running this script phase.\necho \"SUCCESS\" > \"${SCRIPT_OUTPUT_FILE_0}\"\n";
			showEnvVarsInLog = 0;
		};
		F9FFBEF68E57B8C0B4616AA6 /* [CP] Embed Pods Frameworks */ = {
			isa = PBXShellScriptBuildPhase;
			buildActionMask = 2147483647;
			files = (
			);
			inputFileListPaths = (
				"${PODS_ROOT}/Target Support Files/Pods-CryptoPower/Pods-CryptoPower-frameworks-${CONFIGURATION}-input-files.xcfilelist",
			);
			name = "[CP] Embed Pods Frameworks";
			outputFileListPaths = (
				"${PODS_ROOT}/Target Support Files/Pods-CryptoPower/Pods-CryptoPower-frameworks-${CONFIGURATION}-output-files.xcfilelist",
			);
			runOnlyForDeploymentPostprocessing = 0;
			shellPath = /bin/sh;
			shellScript = "\"${PODS_ROOT}/Target Support Files/Pods-CryptoPower/Pods-CryptoPower-frameworks.sh\"\n";
			showEnvVarsInLog = 0;
		};
/* End PBXShellScriptBuildPhase section */

/* Begin PBXSourcesBuildPhase section */
		8D67E4042C6F95F6007C1F0B /* Sources */ = {
			isa = PBXSourcesBuildPhase;
			buildActionMask = 2147483647;
			files = (
				8DD3B06B2C6F9B5B0098BFF0 /* CryptoViewModel.swift in Sources */,
				8D67E40E2C6F95F6007C1F0B /* ContentView.swift in Sources */,
				8D82D9632C7392A5008F2F95 /* RealmCoin.swift in Sources */,
				8D82D9662C73936F008F2F95 /* CryptoAPICoin+Extensions.swift in Sources */,
				8D67E40C2C6F95F6007C1F0B /* CryptoPowerApp.swift in Sources */,
			);
			runOnlyForDeploymentPostprocessing = 0;
		};
/* End PBXSourcesBuildPhase section */

/* Begin XCBuildConfiguration section */
		8D67E4142C6F95FB007C1F0B /* Debug */ = {
			isa = XCBuildConfiguration;
			buildSettings = {
				ALWAYS_SEARCH_USER_PATHS = NO;
				ASSETCATALOG_COMPILER_GENERATE_SWIFT_ASSET_SYMBOL_EXTENSIONS = YES;
				CLANG_ANALYZER_NONNULL = YES;
				CLANG_ANALYZER_NUMBER_OBJECT_CONVERSION = YES_AGGRESSIVE;
				CLANG_CXX_LANGUAGE_STANDARD = "gnu++20";
				CLANG_ENABLE_MODULES = YES;
				CLANG_ENABLE_OBJC_ARC = YES;
				CLANG_ENABLE_OBJC_WEAK = YES;
				CLANG_WARN_BLOCK_CAPTURE_AUTORELEASING = YES;
				CLANG_WARN_BOOL_CONVERSION = YES;
				CLANG_WARN_COMMA = YES;
				CLANG_WARN_CONSTANT_CONVERSION = YES;
				CLANG_WARN_DEPRECATED_OBJC_IMPLEMENTATIONS = YES;
				CLANG_WARN_DIRECT_OBJC_ISA_USAGE = YES_ERROR;
				CLANG_WARN_DOCUMENTATION_COMMENTS = YES;
				CLANG_WARN_EMPTY_BODY = YES;
				CLANG_WARN_ENUM_CONVERSION = YES;
				CLANG_WARN_INFINITE_RECURSION = YES;
				CLANG_WARN_INT_CONVERSION = YES;
				CLANG_WARN_NON_LITERAL_NULL_CONVERSION = YES;
				CLANG_WARN_OBJC_IMPLICIT_RETAIN_SELF = YES;
				CLANG_WARN_OBJC_LITERAL_CONVERSION = YES;
				CLANG_WARN_OBJC_ROOT_CLASS = YES_ERROR;
				CLANG_WARN_QUOTED_INCLUDE_IN_FRAMEWORK_HEADER = YES;
				CLANG_WARN_RANGE_LOOP_ANALYSIS = YES;
				CLANG_WARN_STRICT_PROTOTYPES = YES;
				CLANG_WARN_SUSPICIOUS_MOVE = YES;
				CLANG_WARN_UNGUARDED_AVAILABILITY = YES_AGGRESSIVE;
				CLANG_WARN_UNREACHABLE_CODE = YES;
				CLANG_WARN__DUPLICATE_METHOD_MATCH = YES;
				COPY_PHASE_STRIP = NO;
				DEBUG_INFORMATION_FORMAT = dwarf;
				ENABLE_STRICT_OBJC_MSGSEND = YES;
				ENABLE_TESTABILITY = YES;
				ENABLE_USER_SCRIPT_SANDBOXING = YES;
				GCC_C_LANGUAGE_STANDARD = gnu17;
				GCC_DYNAMIC_NO_PIC = NO;
				GCC_NO_COMMON_BLOCKS = YES;
				GCC_OPTIMIZATION_LEVEL = 0;
				GCC_PREPROCESSOR_DEFINITIONS = (
					"DEBUG=1",
					"$(inherited)",
				);
				GCC_WARN_64_TO_32_BIT_CONVERSION = YES;
				GCC_WARN_ABOUT_RETURN_TYPE = YES_ERROR;
				GCC_WARN_UNDECLARED_SELECTOR = YES;
				GCC_WARN_UNINITIALIZED_AUTOS = YES_AGGRESSIVE;
				GCC_WARN_UNUSED_FUNCTION = YES;
				GCC_WARN_UNUSED_VARIABLE = YES;
				IPHONEOS_DEPLOYMENT_TARGET = 17.4;
				LOCALIZATION_PREFERS_STRING_CATALOGS = YES;
				MTL_ENABLE_DEBUG_INFO = INCLUDE_SOURCE;
				MTL_FAST_MATH = YES;
				ONLY_ACTIVE_ARCH = YES;
				SDKROOT = iphoneos;
				SWIFT_ACTIVE_COMPILATION_CONDITIONS = "DEBUG $(inherited)";
				SWIFT_OPTIMIZATION_LEVEL = "-Onone";
			};
			name = Debug;
		};
		8D67E4152C6F95FB007C1F0B /* Release */ = {
			isa = XCBuildConfiguration;
			buildSettings = {
				ALWAYS_SEARCH_USER_PATHS = NO;
				ASSETCATALOG_COMPILER_GENERATE_SWIFT_ASSET_SYMBOL_EXTENSIONS = YES;
				CLANG_ANALYZER_NONNULL = YES;
				CLANG_ANALYZER_NUMBER_OBJECT_CONVERSION = YES_AGGRESSIVE;
				CLANG_CXX_LANGUAGE_STANDARD = "gnu++20";
				CLANG_ENABLE_MODULES = YES;
				CLANG_ENABLE_OBJC_ARC = YES;
				CLANG_ENABLE_OBJC_WEAK = YES;
				CLANG_WARN_BLOCK_CAPTURE_AUTORELEASING = YES;
				CLANG_WARN_BOOL_CONVERSION = YES;
				CLANG_WARN_COMMA = YES;
				CLANG_WARN_CONSTANT_CONVERSION = YES;
				CLANG_WARN_DEPRECATED_OBJC_IMPLEMENTATIONS = YES;
				CLANG_WARN_DIRECT_OBJC_ISA_USAGE = YES_ERROR;
				CLANG_WARN_DOCUMENTATION_COMMENTS = YES;
				CLANG_WARN_EMPTY_BODY = YES;
				CLANG_WARN_ENUM_CONVERSION = YES;
				CLANG_WARN_INFINITE_RECURSION = YES;
				CLANG_WARN_INT_CONVERSION = YES;
				CLANG_WARN_NON_LITERAL_NULL_CONVERSION = YES;
				CLANG_WARN_OBJC_IMPLICIT_RETAIN_SELF = YES;
				CLANG_WARN_OBJC_LITERAL_CONVERSION = YES;
				CLANG_WARN_OBJC_ROOT_CLASS = YES_ERROR;
				CLANG_WARN_QUOTED_INCLUDE_IN_FRAMEWORK_HEADER = YES;
				CLANG_WARN_RANGE_LOOP_ANALYSIS = YES;
				CLANG_WARN_STRICT_PROTOTYPES = YES;
				CLANG_WARN_SUSPICIOUS_MOVE = YES;
				CLANG_WARN_UNGUARDED_AVAILABILITY = YES_AGGRESSIVE;
				CLANG_WARN_UNREACHABLE_CODE = YES;
				CLANG_WARN__DUPLICATE_METHOD_MATCH = YES;
				COPY_PHASE_STRIP = NO;
				DEBUG_INFORMATION_FORMAT = "dwarf-with-dsym";
				ENABLE_NS_ASSERTIONS = NO;
				ENABLE_STRICT_OBJC_MSGSEND = YES;
				ENABLE_USER_SCRIPT_SANDBOXING = YES;
				GCC_C_LANGUAGE_STANDARD = gnu17;
				GCC_NO_COMMON_BLOCKS = YES;
				GCC_WARN_64_TO_32_BIT_CONVERSION = YES;
				GCC_WARN_ABOUT_RETURN_TYPE = YES_ERROR;
				GCC_WARN_UNDECLARED_SELECTOR = YES;
				GCC_WARN_UNINITIALIZED_AUTOS = YES_AGGRESSIVE;
				GCC_WARN_UNUSED_FUNCTION = YES;
				GCC_WARN_UNUSED_VARIABLE = YES;
				IPHONEOS_DEPLOYMENT_TARGET = 17.4;
				LOCALIZATION_PREFERS_STRING_CATALOGS = YES;
				MTL_ENABLE_DEBUG_INFO = NO;
				MTL_FAST_MATH = YES;
				SDKROOT = iphoneos;
				SWIFT_COMPILATION_MODE = wholemodule;
				VALIDATE_PRODUCT = YES;
			};
			name = Release;
		};
		8D67E4172C6F95FB007C1F0B /* Debug */ = {
			isa = XCBuildConfiguration;
			baseConfigurationReference = 9CA6B355CBEC5150A86F5060 /* Pods-CryptoPower.debug.xcconfig */;
			buildSettings = {
				ASSETCATALOG_COMPILER_APPICON_NAME = AppIcon;
				ASSETCATALOG_COMPILER_GLOBAL_ACCENT_COLOR_NAME = AccentColor;
				CODE_SIGN_STYLE = Automatic;
				CURRENT_PROJECT_VERSION = 1;
				DEVELOPMENT_ASSET_PATHS = "\"CryptoPower/Preview Content\"";
				DEVELOPMENT_TEAM = "";
				ENABLE_PREVIEWS = YES;
				ENABLE_USER_SCRIPT_SANDBOXING = NO;
				GENERATE_INFOPLIST_FILE = YES;
				INFOPLIST_KEY_UIApplicationSceneManifest_Generation = YES;
				INFOPLIST_KEY_UIApplicationSupportsIndirectInputEvents = YES;
				INFOPLIST_KEY_UILaunchScreen_Generation = YES;
				INFOPLIST_KEY_UISupportedInterfaceOrientations_iPad = "UIInterfaceOrientationPortrait UIInterfaceOrientationPortraitUpsideDown UIInterfaceOrientationLandscapeLeft UIInterfaceOrientationLandscapeRight";
				INFOPLIST_KEY_UISupportedInterfaceOrientations_iPhone = "UIInterfaceOrientationPortrait UIInterfaceOrientationLandscapeLeft UIInterfaceOrientationLandscapeRight";
				LD_RUNPATH_SEARCH_PATHS = (
					"$(inherited)",
					"@executable_path/Frameworks",
				);
				MARKETING_VERSION = 1.0;
				PRODUCT_BUNDLE_IDENTIFIER = com.CezarGradinariu.CryptoPower;
				PRODUCT_NAME = "$(TARGET_NAME)";
				SWIFT_EMIT_LOC_STRINGS = YES;
				SWIFT_VERSION = 5.0;
				TARGETED_DEVICE_FAMILY = "1,2";
			};
			name = Debug;
		};
		8D67E4182C6F95FB007C1F0B /* Release */ = {
			isa = XCBuildConfiguration;
			baseConfigurationReference = 5005C1AB590DFD41AB91ACAA /* Pods-CryptoPower.release.xcconfig */;
			buildSettings = {
				ASSETCATALOG_COMPILER_APPICON_NAME = AppIcon;
				ASSETCATALOG_COMPILER_GLOBAL_ACCENT_COLOR_NAME = AccentColor;
				CODE_SIGN_STYLE = Automatic;
				CURRENT_PROJECT_VERSION = 1;
				DEVELOPMENT_ASSET_PATHS = "\"CryptoPower/Preview Content\"";
				DEVELOPMENT_TEAM = "";
				ENABLE_PREVIEWS = YES;
				ENABLE_USER_SCRIPT_SANDBOXING = NO;
				GENERATE_INFOPLIST_FILE = YES;
				INFOPLIST_KEY_UIApplicationSceneManifest_Generation = YES;
				INFOPLIST_KEY_UIApplicationSupportsIndirectInputEvents = YES;
				INFOPLIST_KEY_UILaunchScreen_Generation = YES;
				INFOPLIST_KEY_UISupportedInterfaceOrientations_iPad = "UIInterfaceOrientationPortrait UIInterfaceOrientationPortraitUpsideDown UIInterfaceOrientationLandscapeLeft UIInterfaceOrientationLandscapeRight";
				INFOPLIST_KEY_UISupportedInterfaceOrientations_iPhone = "UIInterfaceOrientationPortrait UIInterfaceOrientationLandscapeLeft UIInterfaceOrientationLandscapeRight";
				LD_RUNPATH_SEARCH_PATHS = (
					"$(inherited)",
					"@executable_path/Frameworks",
				);
				MARKETING_VERSION = 1.0;
				PRODUCT_BUNDLE_IDENTIFIER = com.CezarGradinariu.CryptoPower;
				PRODUCT_NAME = "$(TARGET_NAME)";
				SWIFT_EMIT_LOC_STRINGS = YES;
				SWIFT_VERSION = 5.0;
				TARGETED_DEVICE_FAMILY = "1,2";
			};
			name = Release;
		};
/* End XCBuildConfiguration section */

/* Begin XCConfigurationList section */
		8D67E4032C6F95F6007C1F0B /* Build configuration list for PBXProject "CryptoPower" */ = {
			isa = XCConfigurationList;
			buildConfigurations = (
				8D67E4142C6F95FB007C1F0B /* Debug */,
				8D67E4152C6F95FB007C1F0B /* Release */,
			);
			defaultConfigurationIsVisible = 0;
			defaultConfigurationName = Release;
		};
		8D67E4162C6F95FB007C1F0B /* Build configuration list for PBXNativeTarget "CryptoPower" */ = {
			isa = XCConfigurationList;
			buildConfigurations = (
				8D67E4172C6F95FB007C1F0B /* Debug */,
				8D67E4182C6F95FB007C1F0B /* Release */,
			);
			defaultConfigurationIsVisible = 0;
			defaultConfigurationName = Release;
		};
/* End XCConfigurationList section */
	};
	rootObject = 8D67E4002C6F95F6007C1F0B /* Project object */;
}
